{
    "_meta": {
        "hash": {
            "sha256": "4f74919a11bf21d46bd01d3bdcc9daf38f4d56cfe21a784c70105aceca58e273"
        },
        "pipfile-spec": 6,
        "requires": {
            "python_version": "3.11"
        },
        "sources": [
            {
                "name": "pypi",
                "url": "https://pypi.org/simple",
                "verify_ssl": true
            }
        ]
    },
    "default": {},
    "develop": {
        "black": {
            "hashes": [
                "sha256:09cdeb74d494ec023ded657f7092ba518e8cf78fa8386155e4a03fdcc44679e6",
                "sha256:1f13f7f386f86f8121d76599114bb8c17b69d962137fc70efe56137727c7047e",
                "sha256:2500945420b6784c38b9ee885af039f5e7471ef284ab03fa35ecdde4688cd83f",
                "sha256:2b59b250fdba5f9a9cd9d0ece6e6d993d91ce877d121d161e4698af3eb9c1018",
                "sha256:3c4285573d4897a7610054af5a890bde7c65cb466040c5f0c8b732812d7f0e5e",
                "sha256:505289f17ceda596658ae81b61ebbe2d9b25aa78067035184ed0a9d855d18afd",
                "sha256:62e8730977f0b77998029da7971fa896ceefa2c4c4933fcd593fa599ecbf97a4",
                "sha256:649f6d84ccbae73ab767e206772cc2d7a393a001070a4c814a546afd0d423aed",
                "sha256:6e55d30d44bed36593c3163b9bc63bf58b3b30e4611e4d88a0c3c239930ed5b2",
                "sha256:707a1ca89221bc8a1a64fb5e15ef39cd755633daa672a9db7498d1c19de66a42",
                "sha256:72901b4913cbac8972ad911dc4098d5753704d1f3c56e44ae8dce99eecb0e3af",
                "sha256:73bbf84ed136e45d451a260c6b73ed674652f90a2b3211d6a35e78054563a9bb",
                "sha256:7c046c1d1eeb7aea9335da62472481d3bbf3fd986e093cffd35f4385c94ae368",
                "sha256:81c6742da39f33b08e791da38410f32e27d632260e599df7245cccee2064afeb",
                "sha256:837fd281f1908d0076844bc2b801ad2d369c78c45cf800cad7b61686051041af",
                "sha256:972085c618ee94f402da1af548a4f218c754ea7e5dc70acb168bfaca4c2542ed",
                "sha256:9e84e33b37be070ba135176c123ae52a51f82306def9f7d063ee302ecab2cf47",
                "sha256:b19c9ad992c7883ad84c9b22aaa73562a16b819c1d8db7a1a1a49fb7ec13c7d2",
                "sha256:d6417535d99c37cee4091a2f24eb2b6d5ec42b144d50f1f2e436d9fe1916fe1a",
                "sha256:eab4dd44ce80dea27dc69db40dab62d4ca96112f87996bca68cd75639aeb2e4c",
                "sha256:f490dbd59680d809ca31efdae20e634f3fae27fba3ce0ba3208333b713bc3920",
                "sha256:fb6e2c0b86bbd43dee042e48059c9ad7830abd5c94b0bc518c0eeec57c3eddc1"
            ],
            "index": "pypi",
            "markers": "python_version >= '3.8'",
            "version": "==24.8.0"
        },
        "cachetools": {
            "hashes": [
                "sha256:02134e8439cdc2ffb62023ce1debca2944c3f289d66bb17ead3ab3dede74b292",
                "sha256:2cc24fb4cbe39633fb7badd9db9ca6295d766d9c2995f245725a46715d050f2a"
            ],
            "markers": "python_version >= '3.7'",
            "version": "==5.5.0"
        },
        "chardet": {
            "hashes": [
                "sha256:1b3b6ff479a8c414bc3fa2c0852995695c4a026dcd6d0633b2dd092ca39c1cf7",
                "sha256:e1cf59446890a00105fe7b7912492ea04b6e6f06d4b742b2c788469e34c82970"
            ],
            "markers": "python_version >= '3.7'",
            "version": "==5.2.0"
        },
        "click": {
            "hashes": [
                "sha256:ae74fb96c20a0277a1d615f1e4d73c8414f5a98db8b799a7931d1582f3390c28",
                "sha256:ca9853ad459e787e2192211578cc907e7594e294c7ccc834310722b41b9ca6de"
            ],
            "markers": "python_version >= '3.7'",
            "version": "==8.1.7"
        },
        "colorama": {
            "hashes": [
                "sha256:08695f5cb7ed6e0531a20572697297273c47b8cae5a63ffc6d6ed5c201be6e44",
                "sha256:4f1d9991f5acc0ca119f9d443620b77f9d6b33703e51011c16baf57afb285fc6"
            ],
            "markers": "python_version >= '2.7' and python_version not in '3.0, 3.1, 3.2, 3.3, 3.4, 3.5, 3.6'",
            "version": "==0.4.6"
        },
        "coverage": {
            "extras": [
                "toml"
            ],
            "hashes": [
                "sha256:84921b10aeb2dd453247fd10de22907984eaf80901b578a5cf0bb1e279a587cb",
                "sha256:cf62d17310f34084c59c01e027259076479128d11e4661bb6c9acb38c5e19bb8"
            ],
            "markers": "python_version >= '3.8'",
            "version": "==7.5.0"
        },
        "distlib": {
            "hashes": [
                "sha256:034db59a0b96f8ca18035f36290806a9a6e6bd9d1ff91e45a7f172eb17e51784",
                "sha256:1530ea13e350031b6312d8580ddb6b27a104275a31106523b8f123787f494f64"
            ],
            "version": "==0.3.8"
        },
        "filelock": {
            "hashes": [
                "sha256:2082e5703d51fbf98ea75855d9d5527e33d8ff23099bec374a134febee6946b0",
                "sha256:c249fbfcd5db47e5e2d6d62198e565475ee65e4831e2561c8e313fa7eb961435"
            ],
            "markers": "python_version >= '3.8'",
            "version": "==3.16.1"
        },
        "iniconfig": {
            "hashes": [
                "sha256:2d91e135bf72d31a410b17c16da610a82cb55f6b0477d1a902134b24a455b8b3",
                "sha256:b6a85871a79d2e3b22d2d1b94ac2824226a63c6b741c88f7ae975f18b6778374"
            ],
            "markers": "python_version >= '3.7'",
            "version": "==2.0.0"
        },
        "mypy": {
            "hashes": [
                "sha256:02dcfe270c6ea13338210908f8cadc8d31af0f04cee8ca996438fe6a97b4ec66",
                "sha256:0dcc1e843d58f444fce19da4cce5bd35c282d4bde232acdeca8279523087088a",
                "sha256:0e6fe449223fa59fbee351db32283838a8fee8059e0028e9e6494a03802b4004",
                "sha256:1230048fec1380faf240be6385e709c8570604d2d27ec6ca7e573e3bc09c3735",
                "sha256:186e0c8346efc027ee1f9acf5ca734425fc4f7dc2b60144f0fbe27cc19dc7931",
                "sha256:19bf51f87a295e7ab2894f1d8167622b063492d754e69c3c2fed6563268cb42a",
                "sha256:20db6eb1ca3d1de8ece00033b12f793f1ea9da767334b7e8c626a4872090cf02",
                "sha256:389e307e333879c571029d5b93932cf838b811d3f5395ed1ad05086b52148fb0",
                "sha256:3d7d4371829184e22fda4015278fbfdef0327a4b955a483012bd2d423a788801",
                "sha256:427878aa54f2e2c5d8db31fa9010c599ed9f994b3b49e64ae9cd9990c40bd635",
                "sha256:4ee5932370ccf7ebf83f79d1c157a5929d7ea36313027b0d70a488493dc1b179",
                "sha256:5fcde63ea2c9f69d6be859a1e6dd35955e87fa81de95bc240143cf00de1f7f81",
                "sha256:673ba1140a478b50e6d265c03391702fa11a5c5aff3f54d69a62a48da32cb811",
                "sha256:8135ffec02121a75f75dc97c81af7c14aa4ae0dda277132cfcd6abcd21551bfd",
                "sha256:843826966f1d65925e8b50d2b483065c51fc16dc5d72647e0236aae51dc8d77e",
                "sha256:94b2048a95a21f7a9ebc9fbd075a4fcd310410d078aa0228dbbad7f71335e042",
                "sha256:96af62050971c5241afb4701c15189ea9507db89ad07794a4ee7b4e092dc0627",
                "sha256:9fb83a7be97c498176fb7486cafbb81decccaef1ac339d837c377b0ce3743a7f",
                "sha256:9fe20f89da41a95e14c34b1ddb09c80262edcc295ad891f22cc4b60013e8f78d",
                "sha256:a5a437c9102a6a252d9e3a63edc191a3aed5f2fcb786d614722ee3f4472e33f6",
                "sha256:a7b76fa83260824300cc4834a3ab93180db19876bce59af921467fd03e692810",
                "sha256:b16fe09f9c741d85a2e3b14a5257a27a4f4886c171d562bc5a5e90d8591906b8",
                "sha256:b947097fae68004b8328c55161ac9db7d3566abfef72d9d41b47a021c2fba6b1",
                "sha256:ce561a09e3bb9863ab77edf29ae3a50e65685ad74bba1431278185b7e5d5486e",
                "sha256:d34167d43613ffb1d6c6cdc0cc043bb106cac0aa5d6a4171f77ab92a3c758bcc",
                "sha256:d54d840f6c052929f4a3d2aab2066af0f45a020b085fe0e40d4583db52aab4e4",
                "sha256:d90da248f4c2dba6c44ddcfea94bb361e491962f05f41990ff24dbd09969ce20",
                "sha256:dc6e2a2195a290a7fd5bac3e60b586d77fc88e986eba7feced8b778c373f9afe",
                "sha256:de5b2a8988b4e1269a98beaf0e7cc71b510d050dce80c343b53b4955fff45f19",
                "sha256:e10ba7de5c616e44ad21005fa13450cd0de7caaa303a626147d45307492e4f2d",
                "sha256:f59f1dfbf497d473201356966e353ef09d4daec48caeacc0254db8ef633a28a5",
                "sha256:f5b3936f7a6d0e8280c9bdef94c7ce4847f5cdfc258fbb2c29a8c1711e8bb96d"
            ],
            "index": "pypi",
            "markers": "python_version >= '3.8'",
            "version": "==1.12.1"
        },
        "mypy-extensions": {
            "hashes": [
                "sha256:4392f6c0eb8a5668a69e23d168ffa70f0be9ccfd32b5cc2d26a34ae5b844552d",
                "sha256:75dbf8955dc00442a438fc4d0666508a9a97b6bd41aa2f0ffe9d2f2725af0782"
            ],
            "markers": "python_version >= '3.5'",
            "version": "==1.0.0"
        },
        "packaging": {
            "hashes": [
                "sha256:026ed72c8ed3fcce5bf8950572258698927fd1dbda10a5e981cdf0ac37f4f002",
                "sha256:5b8f2217dbdbd2f7f384c41c628544e6d52f2d0f53c6d0c3ea61aa5d1d7ff124"
            ],
            "markers": "python_version >= '3.8'",
            "version": "==24.1"
        },
        "pathspec": {
            "hashes": [
                "sha256:a0d503e138a4c123b27490a4f7beda6a01c6f288df0e4a8b79c7eb0dc7b4cc08",
                "sha256:a482d51503a1ab33b1c67a6c3813a26953dbdc71c31dacaef9a838c4e29f5712"
            ],
            "markers": "python_version >= '3.8'",
            "version": "==0.12.1"
        },
        "platformdirs": {
            "hashes": [
                "sha256:357fb2acbc885b0419afd3ce3ed34564c13c9b95c89360cd9563f73aa5e2b907",
                "sha256:73e575e1408ab8103900836b97580d5307456908a03e92031bab39e4554cc3fb"
            ],
            "markers": "python_version >= '3.8'",
            "version": "==4.3.6"
        },
        "pluggy": {
            "hashes": [
                "sha256:2cffa88e94fdc978c4c574f15f9e59b7f4201d439195c3715ca9e2486f1d0cf1",
                "sha256:44e1ad92c8ca002de6377e165f3e0f1be63266ab4d554740532335b9d75ea669"
            ],
            "markers": "python_version >= '3.8'",
            "version": "==1.5.0"
        },
        "pyproject-api": {
            "hashes": [
                "sha256:3d7d347a047afe796fd5d1885b1e391ba29be7169bd2f102fcd378f04273d228",
                "sha256:77b8049f2feb5d33eefcc21b57f1e279636277a8ac8ad6b5871037b243778496"
            ],
            "markers": "python_version >= '3.8'",
            "version": "==1.8.0"
        },
        "pytest": {
            "hashes": [
                "sha256:70b98107bd648308a7952b06e6ca9a50bc660be218d53c257cc1fc94fda10181",
                "sha256:a6853c7375b2663155079443d2e45de913a911a11d669df02a50814944db57b2"
            ],
            "index": "pypi",
            "markers": "python_version >= '3.8'",
            "version": "==8.3.3"
        },
        "pytest-cov": {
            "hashes": [
                "sha256:4f0764a1219df53214206bf1feea4633c3b558a2925c8b59f144f682861ce652",
                "sha256:5837b58e9f6ebd335b0f8060eecce69b662415b16dc503883a02f45dfeb14857"
            ],
            "index": "pypi",
            "markers": "python_version >= '3.8'",
            "version": "==5.0.0"
        },
        "ruff": {
            "hashes": [
                "sha256:064df58d84ccc0ac0fcd63bc3090b251d90e2a372558c0f057c3f75ed73e1ccd",
                "sha256:12edd2af0c60fa61ff31cefb90aef4288ac4d372b4962c2864aeea3a1a2460c0",
                "sha256:140d4b5c9f5fc7a7b074908a78ab8d384dd7f6510402267bc76c37195c02a7ec",
                "sha256:3c866b631f5fbce896a74a6e4383407ba7507b815ccc52bcedabb6810fdb3ef7",
                "sha256:3ef0cc774b00fec123f635ce5c547dac263f6ee9fb9cc83437c5904183b55ceb",
                "sha256:417b81aa1c9b60b2f8edc463c58363075412866ae4e2b9ab0f690dc1e87ac1b5",
                "sha256:53fd8ca5e82bdee8da7f506d7b03a261f24cd43d090ea9db9a1dc59d9313914c",
                "sha256:55bb01caeaf3a60b2b2bba07308a02fca6ab56233302406ed5245180a05c5625",
                "sha256:645d7d8761f915e48a00d4ecc3686969761df69fb561dd914a773c1a8266e14e",
                "sha256:785d31851c1ae91f45b3d8fe23b8ae4b5170089021fbb42402d811135f0b7117",
                "sha256:7b118afbb3202f5911486ad52da86d1d52305b59e7ef2031cea3425142b97d6f",
                "sha256:7d5ccc9e58112441de8ad4b29dcb7a86dc25c5f770e3c06a9d57e0e5eba48829",
                "sha256:925d26471fa24b0ce5a6cdfab1bb526fb4159952385f386bdcc643813d472039",
                "sha256:a67267654edc23c97335586774790cde402fb6bbdb3c2314f1fc087dee320bfa",
                "sha256:a9641e31476d601f83cd602608739a0840e348bda93fec9f1ee816f8b6798b93",
                "sha256:b076ef717a8e5bc819514ee1d602bbdca5b4420ae13a9cf61a0c0a4f53a2baa2",
                "sha256:eae02b700763e3847595b9d2891488989cac00214da7f845f4bcf2989007d577",
                "sha256:eb61ec9bdb2506cffd492e05ac40e5bc6284873aceb605503d8494180d6fc84d"
            ],
            "index": "pypi",
            "markers": "python_version >= '3.7'",
            "version": "==0.6.9"
        },
        "tox": {
            "hashes": [
                "sha256:13d996adcd792e7c82994b0e116d85efd84f0c6d185254d83d156f73f86b2038",
                "sha256:49381ff102296753e378fa5ff30e42a35e695f149b4dbf8a2c49d15fdb5797b2"
            ],
            "index": "pypi",
            "markers": "python_version >= '3.8'",
            "version": "==4.21.2"
        },
        "typing-extensions": {
            "hashes": [
                "sha256:04e5ca0351e0f3f85c6853954072df659d0d13fac324d0072316b67d7794700d",
                "sha256:1a7ead55c7e559dd4dee8856e3a88b41225abfe1ce8df57b7c13915fe121ffb8"
            ],
            "markers": "python_version >= '3.8'",
            "version": "==4.12.2"
        },
        "virtualenv": {
            "hashes": [
                "sha256:280aede09a2a5c317e409a00102e7077c6432c5a38f0ef938e643805a7ad2c48",
                "sha256:7345cc5b25405607a624d8418154577459c3e0277f5466dd79c49d5e492995f2"
            ],
            "markers": "python_version >= '3.7'",
            "version": "==20.26.6"
        }
    }
}
